PODS:
  - ARAnalytics/CoreIOS (3.9.0)
  - ARAnalytics/DSL (3.9.0):
    - ReactiveCocoa (~> 2.0)
    - RSSwizzle (~> 0.1.0)
  - ARAnalytics/Intercom (3.9.0):
    - ARAnalytics/CoreIOS
    - Intercom
  - Expecta (0.4.2)
  - Intercom (2.3.18)
  - OCMock (3.2.1)
  - ReactiveCocoa (2.5):
    - ReactiveCocoa/UI (= 2.5)
  - ReactiveCocoa/Core (2.5):
    - ReactiveCocoa/no-arc
  - ReactiveCocoa/no-arc (2.5)
  - ReactiveCocoa/UI (2.5):
    - ReactiveCocoa/Core
  - RSSwizzle (0.1.0)
  - Specta (1.0.5)

DEPENDENCIES:
  - ARAnalytics/DSL (from `../`)
  - ARAnalytics/Intercom (from `../`)
  - Expecta (~> 0.2)
  - OCMock (= 3.2.1)
  - Specta (~> 1)

EXTERNAL SOURCES:
  ARAnalytics:
    :path: ../

SPEC CHECKSUMS:
  ARAnalytics: 187eda288065f6810044931540ee194bbe466e70
  Expecta: 78b4e8b0c8291fa4524d7f74016b6065c2e391ec
  Intercom: 1d2f2c9fd6bbb292a82640e710ca156133a1ae8c
  OCMock: f9622770761b680e505f893885780d369ae30016
  ReactiveCocoa: e2db045570aa97c695e7aa97c2bcab222ae51f4a
  RSSwizzle: d561958f595028bfcef98c7d55c318b3878a61c6
  Specta: ac94d110b865115fe60ff2c6d7281053c6f8e8a2

PODFILE CHECKSUM: 91095da67601ba14a9506e575e6eb821e54364bb

COCOAPODS: 1.0.0.beta.2
