PODS:
  - Amplitude-iOS (2.0.0)
  - ARAnalytics (2.5.0):
    - ARAnalytics/no_clash_HockeyApp
  - ARAnalytics/Amplitude (2.5.0):
    - Amplitude-iOS
    - ARAnalytics/CoreIOS
  - ARAnalytics/Bugsnag (2.5.0):
    - ARAnalytics/CoreIOS
    - Bugsnag
  - ARAnalytics/Chartbeat (2.5.0):
    - ARAnalytics/CoreIOS
    - Chartbeat
  - ARAnalytics/CoreIOS (2.5.0)
  - ARAnalytics/CoreMac (2.5.0)
  - ARAnalytics/Countly (2.5.0):
    - ARAnalytics/CoreIOS
    - Countly
  - ARAnalytics/Crashlytics (2.5.0):
    - ARAnalytics/CoreIOS
  - ARAnalytics/DSL (2.5.0):
    - ReactiveCocoa (= 2.3)
    - RSSwizzle (= 0.1.0)
  - ARAnalytics/Flurry (2.5.0):
    - ARAnalytics/CoreIOS
    - FlurrySDK
  - ARAnalytics/GoogleAnalytics (2.5.0):
    - ARAnalytics/CoreIOS
    - GoogleAnalytics-iOS-SDK
  - ARAnalytics/HeapAnalytics (2.5.0):
    - ARAnalytics/CoreIOS
    - Heap
  - ARAnalytics/Helpshift (2.5.0):
    - ARAnalytics/CoreIOS
    - Helpshift
  - ARAnalytics/HockeyApp (2.5.0):
    - ARAnalytics/CoreIOS
    - HockeySDK
  - ARAnalytics/KISSmetrics (2.5.0):
    - ARAnalytics/CoreIOS
    - KISSmetrics
  - ARAnalytics/KISSmetricsOSX (2.5.0):
    - ARAnalytics/CoreMac
    - KISSmetrics
  - ARAnalytics/Localytics (2.5.0):
    - ARAnalytics/CoreIOS
    - Localytics-iOS-Client
  - ARAnalytics/Mixpanel (2.5.0):
    - ARAnalytics/CoreIOS
    - Mixpanel
  - ARAnalytics/NewRelic (2.5.0):
    - ARAnalytics/CoreIOS
    - NewRelicAgent
  - ARAnalytics/no_clash_HockeyApp (2.5.0):
    - ARAnalytics/Amplitude
    - ARAnalytics/Bugsnag
    - ARAnalytics/Chartbeat
    - ARAnalytics/Countly
    - ARAnalytics/Crashlytics
    - ARAnalytics/Flurry
    - ARAnalytics/GoogleAnalytics
    - ARAnalytics/HeapAnalytics
    - ARAnalytics/Helpshift
    - ARAnalytics/HockeyApp
    - ARAnalytics/KISSmetrics
    - ARAnalytics/Localytics
    - ARAnalytics/Mixpanel
    - ARAnalytics/NewRelic
    - ARAnalytics/ParseAnalytics
    - ARAnalytics/Tapstream
    - ARAnalytics/TestFlight
  - ARAnalytics/ParseAnalytics (2.5.0):
    - ARAnalytics/CoreIOS
    - Parse-iOS-SDK
  - ARAnalytics/Tapstream (2.5.0):
    - ARAnalytics/CoreIOS
    - Tapstream
  - ARAnalytics/TestFlight (2.5.0):
    - ARAnalytics/CoreIOS
    - BPXLUUIDHandler
    - TestFlightSDK
  - BPXLUUIDHandler (0.0.1)
  - Bugsnag (3.1.2)
  - Chartbeat (0.0.1)
  - Countly (2.0.0)
  - Expecta (0.3.0)
  - Facebook-iOS-SDK (3.13.1)
  - FlurrySDK (4.4.0):
    - FlurrySDK/FlurrySDK
  - FlurrySDK/FlurrySDK (4.4.0)
  - GoogleAnalytics-iOS-SDK (3.0.6)
  - Heap (0.12.1)
  - Helpshift (4.4.0)
  - HockeySDK (3.5.5)
  - KISSmetrics (1.2.0)
  - Localytics-iOS-Client (2.23.0)
  - Mixpanel (2.3.5)
  - Mixpanel-OSX-Community (2.0.0)
  - NewRelicAgent (3.289)
  - OCMock (2.2.4)
  - Parse-iOS-SDK (1.2.19):
    - Facebook-iOS-SDK (~> 3.7)
  - ReactiveCocoa (2.3):
    - ReactiveCocoa/Core
    - ReactiveCocoa/no-arc
  - ReactiveCocoa/Core (2.3):
    - ReactiveCocoa/no-arc
  - ReactiveCocoa/no-arc (2.3)
  - RSSwizzle (0.1.0)
  - Specta (0.2.1)
  - Tapstream (2.7)
  - TestFlightSDK (3.0.0)

DEPENDENCIES:
  - ARAnalytics (from `../`)
  - ARAnalytics/DSL (from `../`)
  - ARAnalytics/KISSmetricsOSX (from `../`)
  - Expecta (~> 0.2)
  - Mixpanel-OSX-Community (from `https://github.com/orta/mixpanel-osx-unofficial`)
  - OCMock (= 2.2.4)
  - Specta (~> 0.2)

EXTERNAL SOURCES:
  ARAnalytics:
    :path: ../
  Mixpanel-OSX-Community:
    :git: https://github.com/orta/mixpanel-osx-unofficial

SPEC CHECKSUMS:
  Amplitude-iOS: 88d27d819a5ad9aa7bdbd700b03b1db8ff5e1fd8
  ARAnalytics: 253314fadb80fe085bc781ddce91f3bbdfedcb04
  BPXLUUIDHandler: 6101cdb6862f18146983881c75dc0b9a0012f2ff
  Bugsnag: 165e71d6169549a7ea51c76691318a06bfd59c76
  Chartbeat: e2dd858448f5bc0310ea5632ec1da40e98ee47f8
  Countly: 8f3b7882e842d89b6f22a8b9519a939a0ec97712
  Expecta: 322f1dc42610106a5ba9871b4924cf1635d80833
  Facebook-iOS-SDK: 47ae9e54684c84f93d75d4e6ab47cd031abdf406
  FlurrySDK: 2cd8f2ce2383ca152c5d96fa34cb9ef29706feda
  GoogleAnalytics-iOS-SDK: 16dfcc0c4491148bf372edc85a8470cc405ffb72
  Heap: a059c57e751dc9619cb31eea1e159a140a711e6e
  Helpshift: 0c4c39b232e968acd732224d3d938af11db00f33
  HockeySDK: 350ef1cf18d2fc9a13801ad077c307cece8c6c64
  KISSmetrics: 25336738c9203dc5f7ce5d9aa9b88ed22e544ca0
  Localytics-iOS-Client: 0a9dabe02620569ae8f69e7162908b49ca97f15f
  Mixpanel: 79ff289920b67399475b93057ac11e48637585d7
  Mixpanel-OSX-Community: b829ac6c8ea601849a2ce74a478b046ee661d3f1
  NewRelicAgent: c851e3d60e2450c6c3052cf5ae96d5651e930bda
  OCMock: 5008fae4b4789b8fc3e48cd7660f2eb5ef8ce89e
  Parse-iOS-SDK: 48e366fb9a8956c4e50d93cfd16243176938fae1
  ReactiveCocoa: 1f6265f9d521923d3efcc37b00722cefc16df269
  RSSwizzle: 41c280b15547f7c94f1273111fe4ce29d5d14e3a
  Specta: 2d06220591110c6d9757d8be8ecf8e63aa40dc2a
  Tapstream: 0353dd88680c53361605886fd8f327c57980b937
  TestFlightSDK: fe0567a897456b6f65b180541892ef0154986e01

COCOAPODS: 0.32.1
