PODS:
  - ARAnalytics/CoreIOS (3.0.0)
  - ARAnalytics/DSL (3.0.0):
    - ReactiveCocoa (= 2.3)
    - RSSwizzle (~> 0.1.0)
  - ARAnalytics/Mixpanel (3.0.0):
    - ARAnalytics/CoreIOS
    - Mixpanel
  - Expecta (0.3.2)
  - Mixpanel (2.7.2):
    - Mixpanel/MPCategoryHelpers (= 2.7.2)
  - Mixpanel/MPCategoryHelpers (2.7.2)
  - OCMock (2.2.4)
  - ReactiveCocoa (2.3):
    - ReactiveCocoa/UI (= 2.3)
  - ReactiveCocoa/Core (2.3):
    - ReactiveCocoa/no-arc
  - ReactiveCocoa/no-arc (2.3)
  - ReactiveCocoa/UI (2.3):
    - ReactiveCocoa/Core
  - RSSwizzle (0.1.0)
  - Specta (0.4.0)

DEPENDENCIES:
  - ARAnalytics/DSL (from `../`)
  - ARAnalytics/Mixpanel (from `../`)
  - Expecta (~> 0.2)
  - OCMock (= 2.2.4)
  - Specta (~> 0.2)

EXTERNAL SOURCES:
  ARAnalytics:
    :path: ../

SPEC CHECKSUMS:
  ARAnalytics: e0eba4bd2ecedc3b07c34eca73eb86f3f6c68339
  Expecta: ee641011fe10aa1855d487b40e4976dac50ec342
  Mixpanel: def38b9e600f101686b8d647e05660a72c089c65
  OCMock: 6db79185520e24f9f299548f2b8b07e41d881bd5
  ReactiveCocoa: 2066583826c17dde8e90c41e489f682048cc57c9
  RSSwizzle: ab39962b7ec56d19c2318ec1127e253797121363
  Specta: 1df326d6ec48603c77f507a0ab1f89ad2df1c582

COCOAPODS: 0.36.0
